// !$*UTF8*$!
{
	archiveVersion = 1;
	classes = {
	};
	objectVersion = 56;
	objects = {

/* Begin PBXBuildFile section */
		D873375F2A7CA0DA00BE6F6A /* AppDelegate.swift in Sources */ = {isa = PBXBuildFile; fileRef = D873375E2A7CA0DA00BE6F6A /* AppDelegate.swift */; };
		D87337612A7CA0DA00BE6F6A /* SceneDelegate.swift in Sources */ = {isa = PBXBuildFile; fileRef = D87337602A7CA0DA00BE6F6A /* SceneDelegate.swift */; };
		D87337662A7CA0DA00BE6F6A /* Main.storyboard in Resources */ = {isa = PBXBuildFile; fileRef = D87337642A7CA0DA00BE6F6A /* Main.storyboard */; };
		D87337682A7CA0DA00BE6F6A /* Assets.xcassets in Resources */ = {isa = PBXBuildFile; fileRef = D87337672A7CA0DA00BE6F6A /* Assets.xcassets */; };
		D873376B2A7CA0DA00BE6F6A /* LaunchScreen.storyboard in Resources */ = {isa = PBXBuildFile; fileRef = D87337692A7CA0DA00BE6F6A /* LaunchScreen.storyboard */; };
		D87337732A7CCD8000BE6F6A /* SelectViewController.swift in Sources */ = {isa = PBXBuildFile; fileRef = D87337722A7CCD8000BE6F6A /* SelectViewController.swift */; };
		D87337762A7CD29200BE6F6A /* TamagotchiSelectCollectionViewCell.swift in Sources */ = {isa = PBXBuildFile; fileRef = D87337742A7CD29200BE6F6A /* TamagotchiSelectCollectionViewCell.swift */; };
		D87337772A7CD29200BE6F6A /* TamagotchiSelectCollectionViewCell.xib in Resources */ = {isa = PBXBuildFile; fileRef = D87337752A7CD29200BE6F6A /* TamagotchiSelectCollectionViewCell.xib */; };
		D87337792A7CD4BD00BE6F6A /* Tamagotchi.swift in Sources */ = {isa = PBXBuildFile; fileRef = D87337782A7CD4BD00BE6F6A /* Tamagotchi.swift */; };
		D873377B2A7CD5A600BE6F6A /* TamagotchiInfo.swift in Sources */ = {isa = PBXBuildFile; fileRef = D873377A2A7CD5A600BE6F6A /* TamagotchiInfo.swift */; };
		D873377D2A7CE6AF00BE6F6A /* TamagotchiDetailViewController.swift in Sources */ = {isa = PBXBuildFile; fileRef = D873377C2A7CE6AF00BE6F6A /* TamagotchiDetailViewController.swift */; };
		D873377F2A7D135500BE6F6A /* TamagotchiMainViewController.swift in Sources */ = {isa = PBXBuildFile; fileRef = D873377E2A7D135500BE6F6A /* TamagotchiMainViewController.swift */; };
		D87337832A7EBC3E00BE6F6A /* SettingViewController.swift in Sources */ = {isa = PBXBuildFile; fileRef = D87337822A7EBC3E00BE6F6A /* SettingViewController.swift */; };
		D87337862A7EC08F00BE6F6A /* SettingTableViewCell.swift in Sources */ = {isa = PBXBuildFile; fileRef = D87337842A7EC08F00BE6F6A /* SettingTableViewCell.swift */; };
		D87337872A7EC08F00BE6F6A /* SettingTableViewCell.xib in Resources */ = {isa = PBXBuildFile; fileRef = D87337852A7EC08F00BE6F6A /* SettingTableViewCell.xib */; };
		D87337892A7F7AF800BE6F6A /* SetNameViewController.swift in Sources */ = {isa = PBXBuildFile; fileRef = D87337882A7F7AF800BE6F6A /* SetNameViewController.swift */; };
/* End PBXBuildFile section */

/* Begin PBXFileReference section */
		D873375B2A7CA0DA00BE6F6A /* Tamagotchi_Assignment.app */ = {isa = PBXFileReference; explicitFileType = wrapper.application; includeInIndex = 0; path = Tamagotchi_Assignment.app; sourceTree = BUILT_PRODUCTS_DIR; };
		D873375E2A7CA0DA00BE6F6A /* AppDelegate.swift */ = {isa = PBXFileReference; lastKnownFileType = sourcecode.swift; path = AppDelegate.swift; sourceTree = "<group>"; };
		D87337602A7CA0DA00BE6F6A /* SceneDelegate.swift */ = {isa = PBXFileReference; lastKnownFileType = sourcecode.swift; path = SceneDelegate.swift; sourceTree = "<group>"; };
		D87337652A7CA0DA00BE6F6A /* Base */ = {isa = PBXFileReference; lastKnownFileType = file.storyboard; name = Base; path = Base.lproj/Main.storyboard; sourceTree = "<group>"; };
		D87337672A7CA0DA00BE6F6A /* Assets.xcassets */ = {isa = PBXFileReference; lastKnownFileType = folder.assetcatalog; path = Assets.xcassets; sourceTree = "<group>"; };
		D873376A2A7CA0DA00BE6F6A /* Base */ = {isa = PBXFileReference; lastKnownFileType = file.storyboard; name = Base; path = Base.lproj/LaunchScreen.storyboard; sourceTree = "<group>"; };
		D873376C2A7CA0DA00BE6F6A /* Info.plist */ = {isa = PBXFileReference; lastKnownFileType = text.plist.xml; path = Info.plist; sourceTree = "<group>"; };
		D87337722A7CCD8000BE6F6A /* SelectViewController.swift */ = {isa = PBXFileReference; lastKnownFileType = sourcecode.swift; path = SelectViewController.swift; sourceTree = "<group>"; };
		D87337742A7CD29200BE6F6A /* TamagotchiSelectCollectionViewCell.swift */ = {isa = PBXFileReference; lastKnownFileType = sourcecode.swift; name = TamagotchiSelectCollectionViewCell.swift; path = Tamagotchi_Assignment/ViewCell/TamagotchiSelectCollectionViewCell.swift; sourceTree = SOURCE_ROOT; };
		D87337752A7CD29200BE6F6A /* TamagotchiSelectCollectionViewCell.xib */ = {isa = PBXFileReference; lastKnownFileType = file.xib; name = TamagotchiSelectCollectionViewCell.xib; path = Tamagotchi_Assignment/Storyboard/TamagotchiSelectCollectionViewCell.xib; sourceTree = SOURCE_ROOT; };
		D87337782A7CD4BD00BE6F6A /* Tamagotchi.swift */ = {isa = PBXFileReference; lastKnownFileType = sourcecode.swift; path = Tamagotchi.swift; sourceTree = "<group>"; };
		D873377A2A7CD5A600BE6F6A /* TamagotchiInfo.swift */ = {isa = PBXFileReference; lastKnownFileType = sourcecode.swift; path = TamagotchiInfo.swift; sourceTree = "<group>"; };
		D873377C2A7CE6AF00BE6F6A /* TamagotchiDetailViewController.swift */ = {isa = PBXFileReference; lastKnownFileType = sourcecode.swift; path = TamagotchiDetailViewController.swift; sourceTree = "<group>"; };
		D873377E2A7D135500BE6F6A /* TamagotchiMainViewController.swift */ = {isa = PBXFileReference; lastKnownFileType = sourcecode.swift; name = TamagotchiMainViewController.swift; path = Tamagotchi_Assignment/ViewController/TamagotchiMainViewController.swift; sourceTree = SOURCE_ROOT; };
		D87337822A7EBC3E00BE6F6A /* SettingViewController.swift */ = {isa = PBXFileReference; lastKnownFileType = sourcecode.swift; name = SettingViewController.swift; path = Tamagotchi_Assignment/ViewController/SettingViewController.swift; sourceTree = SOURCE_ROOT; };
		D87337842A7EC08F00BE6F6A /* SettingTableViewCell.swift */ = {isa = PBXFileReference; lastKnownFileType = sourcecode.swift; path = SettingTableViewCell.swift; sourceTree = "<group>"; };
		D87337852A7EC08F00BE6F6A /* SettingTableViewCell.xib */ = {isa = PBXFileReference; lastKnownFileType = file.xib; path = SettingTableViewCell.xib; sourceTree = "<group>"; };
		D87337882A7F7AF800BE6F6A /* SetNameViewController.swift */ = {isa = PBXFileReference; lastKnownFileType = sourcecode.swift; name = SetNameViewController.swift; path = Tamagotchi_Assignment/ViewController/SetNameViewController.swift; sourceTree = SOURCE_ROOT; };
/* End PBXFileReference section */

/* Begin PBXFrameworksBuildPhase section */
		D87337582A7CA0DA00BE6F6A /* Frameworks */ = {
			isa = PBXFrameworksBuildPhase;
			buildActionMask = 2147483647;
			files = (
			);
			runOnlyForDeploymentPostprocessing = 0;
		};
/* End PBXFrameworksBuildPhase section */

/* Begin PBXGroup section */
		D87337522A7CA0DA00BE6F6A = {
			isa = PBXGroup;
			children = (
				D873375D2A7CA0DA00BE6F6A /* Tamagotchi_Assignment */,
				D873375C2A7CA0DA00BE6F6A /* Products */,
			);
			sourceTree = "<group>";
		};
		D873375C2A7CA0DA00BE6F6A /* Products */ = {
			isa = PBXGroup;
			children = (
				D873375B2A7CA0DA00BE6F6A /* Tamagotchi_Assignment.app */,
			);
			name = Products;
			sourceTree = "<group>";
		};
		D873375D2A7CA0DA00BE6F6A /* Tamagotchi_Assignment */ = {
			isa = PBXGroup;
			children = (
				D87337F12A83F07A00BE6F6A /* Data */,
				D87337C32A80DF4900BE6F6A /* ViewCell */,
				D87337C22A80DF2E00BE6F6A /* Storyboard */,
				D87337C12A80DEF100BE6F6A /* ViewController */,
				D873375E2A7CA0DA00BE6F6A /* AppDelegate.swift */,
				D87337602A7CA0DA00BE6F6A /* SceneDelegate.swift */,
				D87337672A7CA0DA00BE6F6A /* Assets.xcassets */,
				D873376C2A7CA0DA00BE6F6A /* Info.plist */,
			);
			path = Tamagotchi_Assignment;
			sourceTree = "<group>";
		};
		D87337C12A80DEF100BE6F6A /* ViewController */ = {
			isa = PBXGroup;
			children = (
				D873377E2A7D135500BE6F6A /* TamagotchiMainViewController.swift */,
				D87337822A7EBC3E00BE6F6A /* SettingViewController.swift */,
				D87337882A7F7AF800BE6F6A /* SetNameViewController.swift */,
				D873377C2A7CE6AF00BE6F6A /* TamagotchiDetailViewController.swift */,
				D87337722A7CCD8000BE6F6A /* SelectViewController.swift */,
			);
			path = ViewController;
			sourceTree = "<group>";
		};
		D87337C22A80DF2E00BE6F6A /* Storyboard */ = {
			isa = PBXGroup;
			children = (
				D87337752A7CD29200BE6F6A /* TamagotchiSelectCollectionViewCell.xib */,
				D87337642A7CA0DA00BE6F6A /* Main.storyboard */,
				D87337852A7EC08F00BE6F6A /* SettingTableViewCell.xib */,
				D87337692A7CA0DA00BE6F6A /* LaunchScreen.storyboard */,
			);
			path = Storyboard;
			sourceTree = "<group>";
		};
		D87337C32A80DF4900BE6F6A /* ViewCell */ = {
			isa = PBXGroup;
			children = (
				D87337842A7EC08F00BE6F6A /* SettingTableViewCell.swift */,
				D87337742A7CD29200BE6F6A /* TamagotchiSelectCollectionViewCell.swift */,
			);
			path = ViewCell;
			sourceTree = "<group>";
		};
		D87337F12A83F07A00BE6F6A /* Data */ = {
			isa = PBXGroup;
			children = (
				D87337782A7CD4BD00BE6F6A /* Tamagotchi.swift */,
				D873377A2A7CD5A600BE6F6A /* TamagotchiInfo.swift */,
			);
			path = Data;
			sourceTree = "<group>";
		};
/* End PBXGroup section */

/* Begin PBXNativeTarget section */
		D873375A2A7CA0DA00BE6F6A /* Tamagotchi_Assignment */ = {
			isa = PBXNativeTarget;
			buildConfigurationList = D873376F2A7CA0DA00BE6F6A /* Build configuration list for PBXNativeTarget "Tamagotchi_Assignment" */;
			buildPhases = (
				D87337572A7CA0DA00BE6F6A /* Sources */,
				D87337582A7CA0DA00BE6F6A /* Frameworks */,
				D87337592A7CA0DA00BE6F6A /* Resources */,
			);
			buildRules = (
			);
			dependencies = (
			);
			name = Tamagotchi_Assignment;
			productName = Tamagotchi_Assignment;
			productReference = D873375B2A7CA0DA00BE6F6A /* Tamagotchi_Assignment.app */;
			productType = "com.apple.product-type.application";
		};
/* End PBXNativeTarget section */

/* Begin PBXProject section */
		D87337532A7CA0DA00BE6F6A /* Project object */ = {
			isa = PBXProject;
			attributes = {
				BuildIndependentTargetsInParallel = 1;
				LastSwiftUpdateCheck = 1430;
				LastUpgradeCheck = 1430;
				TargetAttributes = {
					D873375A2A7CA0DA00BE6F6A = {
						CreatedOnToolsVersion = 14.3.1;
					};
				};
			};
			buildConfigurationList = D87337562A7CA0DA00BE6F6A /* Build configuration list for PBXProject "Tamagotchi_Assignment" */;
			compatibilityVersion = "Xcode 14.0";
			developmentRegion = en;
			hasScannedForEncodings = 0;
			knownRegions = (
				en,
				Base,
			);
			mainGroup = D87337522A7CA0DA00BE6F6A;
			productRefGroup = D873375C2A7CA0DA00BE6F6A /* Products */;
			projectDirPath = "";
			projectRoot = "";
			targets = (
				D873375A2A7CA0DA00BE6F6A /* Tamagotchi_Assignment */,
			);
		};
/* End PBXProject section */

/* Begin PBXResourcesBuildPhase section */
		D87337592A7CA0DA00BE6F6A /* Resources */ = {
			isa = PBXResourcesBuildPhase;
			buildActionMask = 2147483647;
			files = (
				D873376B2A7CA0DA00BE6F6A /* LaunchScreen.storyboard in Resources */,
				D87337682A7CA0DA00BE6F6A /* Assets.xcassets in Resources */,
				D87337662A7CA0DA00BE6F6A /* Main.storyboard in Resources */,
				D87337872A7EC08F00BE6F6A /* SettingTableViewCell.xib in Resources */,
				D87337772A7CD29200BE6F6A /* TamagotchiSelectCollectionViewCell.xib in Resources */,
			);
			runOnlyForDeploymentPostprocessing = 0;
		};
/* End PBXResourcesBuildPhase section */

/* Begin PBXSourcesBuildPhase section */
		D87337572A7CA0DA00BE6F6A /* Sources */ = {
			isa = PBXSourcesBuildPhase;
			buildActionMask = 2147483647;
			files = (
				D87337732A7CCD8000BE6F6A /* SelectViewController.swift in Sources */,
				D87337832A7EBC3E00BE6F6A /* SettingViewController.swift in Sources */,
				D873377F2A7D135500BE6F6A /* TamagotchiMainViewController.swift in Sources */,
				D87337762A7CD29200BE6F6A /* TamagotchiSelectCollectionViewCell.swift in Sources */,
				D87337892A7F7AF800BE6F6A /* SetNameViewController.swift in Sources */,
				D873377D2A7CE6AF00BE6F6A /* TamagotchiDetailViewController.swift in Sources */,
				D87337862A7EC08F00BE6F6A /* SettingTableViewCell.swift in Sources */,
				D873377B2A7CD5A600BE6F6A /* TamagotchiInfo.swift in Sources */,
				D873375F2A7CA0DA00BE6F6A /* AppDelegate.swift in Sources */,
				D87337792A7CD4BD00BE6F6A /* Tamagotchi.swift in Sources */,
				D87337612A7CA0DA00BE6F6A /* SceneDelegate.swift in Sources */,
			);
			runOnlyForDeploymentPostprocessing = 0;
		};
/* End PBXSourcesBuildPhase section */

/* Begin PBXVariantGroup section */
		D87337642A7CA0DA00BE6F6A /* Main.storyboard */ = {
			isa = PBXVariantGroup;
			children = (
				D87337652A7CA0DA00BE6F6A /* Base */,
			);
			name = Main.storyboard;
			sourceTree = "<group>";
		};
		D87337692A7CA0DA00BE6F6A /* LaunchScreen.storyboard */ = {
			isa = PBXVariantGroup;
			children = (
				D873376A2A7CA0DA00BE6F6A /* Base */,
			);
			name = LaunchScreen.storyboard;
			sourceTree = "<group>";
		};
/* End PBXVariantGroup section */

/* Begin XCBuildConfiguration section */
		D873376D2A7CA0DA00BE6F6A /* Debug */ = {
			isa = XCBuildConfiguration;
			buildSettings = {
				ALWAYS_SEARCH_USER_PATHS = NO;
				CLANG_ANALYZER_NONNULL = YES;
				CLANG_ANALYZER_NUMBER_OBJECT_CONVERSION = YES_AGGRESSIVE;
				CLANG_CXX_LANGUAGE_STANDARD = "gnu++20";
				CLANG_ENABLE_MODULES = YES;
				CLANG_ENABLE_OBJC_ARC = YES;
				CLANG_ENABLE_OBJC_WEAK = YES;
				CLANG_WARN_BLOCK_CAPTURE_AUTORELEASING = YES;
				CLANG_WARN_BOOL_CONVERSION = YES;
				CLANG_WARN_COMMA = YES;
				CLANG_WARN_CONSTANT_CONVERSION = YES;
				CLANG_WARN_DEPRECATED_OBJC_IMPLEMENTATIONS = YES;
				CLANG_WARN_DIRECT_OBJC_ISA_USAGE = YES_ERROR;
				CLANG_WARN_DOCUMENTATION_COMMENTS = YES;
				CLANG_WARN_EMPTY_BODY = YES;
				CLANG_WARN_ENUM_CONVERSION = YES;
				CLANG_WARN_INFINITE_RECURSION = YES;
				CLANG_WARN_INT_CONVERSION = YES;
				CLANG_WARN_NON_LITERAL_NULL_CONVERSION = YES;
				CLANG_WARN_OBJC_IMPLICIT_RETAIN_SELF = YES;
				CLANG_WARN_OBJC_LITERAL_CONVERSION = YES;
				CLANG_WARN_OBJC_ROOT_CLASS = YES_ERROR;
				CLANG_WARN_QUOTED_INCLUDE_IN_FRAMEWORK_HEADER = YES;
				CLANG_WARN_RANGE_LOOP_ANALYSIS = YES;
				CLANG_WARN_STRICT_PROTOTYPES = YES;
				CLANG_WARN_SUSPICIOUS_MOVE = YES;
				CLANG_WARN_UNGUARDED_AVAILABILITY = YES_AGGRESSIVE;
				CLANG_WARN_UNREACHABLE_CODE = YES;
				CLANG_WARN__DUPLICATE_METHOD_MATCH = YES;
				COPY_PHASE_STRIP = NO;
				DEBUG_INFORMATION_FORMAT = dwarf;
				ENABLE_STRICT_OBJC_MSGSEND = YES;
				ENABLE_TESTABILITY = YES;
				GCC_C_LANGUAGE_STANDARD = gnu11;
				GCC_DYNAMIC_NO_PIC = NO;
				GCC_NO_COMMON_BLOCKS = YES;
				GCC_OPTIMIZATION_LEVEL = 0;
				GCC_PREPROCESSOR_DEFINITIONS = (
					"DEBUG=1",
					"$(inherited)",
				);
				GCC_WARN_64_TO_32_BIT_CONVERSION = YES;
				GCC_WARN_ABOUT_RETURN_TYPE = YES_ERROR;
				GCC_WARN_UNDECLARED_SELECTOR = YES;
				GCC_WARN_UNINITIALIZED_AUTOS = YES_AGGRESSIVE;
				GCC_WARN_UNUSED_FUNCTION = YES;
				GCC_WARN_UNUSED_VARIABLE = YES;
				IPHONEOS_DEPLOYMENT_TARGET = 16.4;
				MTL_ENABLE_DEBUG_INFO = INCLUDE_SOURCE;
				MTL_FAST_MATH = YES;
				ONLY_ACTIVE_ARCH = YES;
				SDKROOT = iphoneos;
				SWIFT_ACTIVE_COMPILATION_CONDITIONS = DEBUG;
				SWIFT_OPTIMIZATION_LEVEL = "-Onone";
			};
			name = Debug;
		};
		D873376E2A7CA0DA00BE6F6A /* Release */ = {
			isa = XCBuildConfiguration;
			buildSettings = {
				ALWAYS_SEARCH_USER_PATHS = NO;
				CLANG_ANALYZER_NONNULL = YES;
				CLANG_ANALYZER_NUMBER_OBJECT_CONVERSION = YES_AGGRESSIVE;
				CLANG_CXX_LANGUAGE_STANDARD = "gnu++20";
				CLANG_ENABLE_MODULES = YES;
				CLANG_ENABLE_OBJC_ARC = YES;
				CLANG_ENABLE_OBJC_WEAK = YES;
				CLANG_WARN_BLOCK_CAPTURE_AUTORELEASING = YES;
				CLANG_WARN_BOOL_CONVERSION = YES;
				CLANG_WARN_COMMA = YES;
				CLANG_WARN_CONSTANT_CONVERSION = YES;
				CLANG_WARN_DEPRECATED_OBJC_IMPLEMENTATIONS = YES;
				CLANG_WARN_DIRECT_OBJC_ISA_USAGE = YES_ERROR;
				CLANG_WARN_DOCUMENTATION_COMMENTS = YES;
				CLANG_WARN_EMPTY_BODY = YES;
				CLANG_WARN_ENUM_CONVERSION = YES;
				CLANG_WARN_INFINITE_RECURSION = YES;
				CLANG_WARN_INT_CONVERSION = YES;
				CLANG_WARN_NON_LITERAL_NULL_CONVERSION = YES;
				CLANG_WARN_OBJC_IMPLICIT_RETAIN_SELF = YES;
				CLANG_WARN_OBJC_LITERAL_CONVERSION = YES;
				CLANG_WARN_OBJC_ROOT_CLASS = YES_ERROR;
				CLANG_WARN_QUOTED_INCLUDE_IN_FRAMEWORK_HEADER = YES;
				CLANG_WARN_RANGE_LOOP_ANALYSIS = YES;
				CLANG_WARN_STRICT_PROTOTYPES = YES;
				CLANG_WARN_SUSPICIOUS_MOVE = YES;
				CLANG_WARN_UNGUARDED_AVAILABILITY = YES_AGGRESSIVE;
				CLANG_WARN_UNREACHABLE_CODE = YES;
				CLANG_WARN__DUPLICATE_METHOD_MATCH = YES;
				COPY_PHASE_STRIP = NO;
				DEBUG_INFORMATION_FORMAT = "dwarf-with-dsym";
				ENABLE_NS_ASSERTIONS = NO;
				ENABLE_STRICT_OBJC_MSGSEND = YES;
				GCC_C_LANGUAGE_STANDARD = gnu11;
				GCC_NO_COMMON_BLOCKS = YES;
				GCC_WARN_64_TO_32_BIT_CONVERSION = YES;
				GCC_WARN_ABOUT_RETURN_TYPE = YES_ERROR;
				GCC_WARN_UNDECLARED_SELECTOR = YES;
				GCC_WARN_UNINITIALIZED_AUTOS = YES_AGGRESSIVE;
				GCC_WARN_UNUSED_FUNCTION = YES;
				GCC_WARN_UNUSED_VARIABLE = YES;
				IPHONEOS_DEPLOYMENT_TARGET = 16.4;
				MTL_ENABLE_DEBUG_INFO = NO;
				MTL_FAST_MATH = YES;
				SDKROOT = iphoneos;
				SWIFT_COMPILATION_MODE = wholemodule;
				SWIFT_OPTIMIZATION_LEVEL = "-O";
				VALIDATE_PRODUCT = YES;
			};
			name = Release;
		};
		D87337702A7CA0DA00BE6F6A /* Debug */ = {
			isa = XCBuildConfiguration;
			buildSettings = {
				ASSETCATALOG_COMPILER_APPICON_NAME = AppIcon;
				ASSETCATALOG_COMPILER_GLOBAL_ACCENT_COLOR_NAME = AccentColor;
				CODE_SIGN_STYLE = Automatic;
				CURRENT_PROJECT_VERSION = 1;
				DEVELOPMENT_TEAM = AM9D6522QR;
				GENERATE_INFOPLIST_FILE = YES;
				INFOPLIST_FILE = Tamagotchi_Assignment/Info.plist;
				INFOPLIST_KEY_UIApplicationSupportsIndirectInputEvents = YES;
				INFOPLIST_KEY_UILaunchStoryboardName = LaunchScreen;
				INFOPLIST_KEY_UIMainStoryboardFile = Main;
				INFOPLIST_KEY_UISupportedInterfaceOrientations_iPad = "UIInterfaceOrientationPortrait UIInterfaceOrientationPortraitUpsideDown UIInterfaceOrientationLandscapeLeft UIInterfaceOrientationLandscapeRight";
				INFOPLIST_KEY_UISupportedInterfaceOrientations_iPhone = "UIInterfaceOrientationPortrait UIInterfaceOrientationLandscapeLeft UIInterfaceOrientationLandscapeRight";
				IPHONEOS_DEPLOYMENT_TARGET = 15.0;
				LD_RUNPATH_SEARCH_PATHS = (
					"$(inherited)",
					"@executable_path/Frameworks",
				);
				MARKETING_VERSION = 1.0;
				PRODUCT_BUNDLE_IDENTIFIER = "com.Sun.Tamagotchi-Assignment";
				PRODUCT_NAME = "$(TARGET_NAME)";
				SWIFT_EMIT_LOC_STRINGS = YES;
				SWIFT_VERSION = 5.0;
				TARGETED_DEVICE_FAMILY = "1,2";
			};
			name = Debug;
		};
		D87337712A7CA0DA00BE6F6A /* Release */ = {
			isa = XCBuildConfiguration;
			buildSettings = {
				ASSETCATALOG_COMPILER_APPICON_NAME = AppIcon;
				ASSETCATALOG_COMPILER_GLOBAL_ACCENT_COLOR_NAME = AccentColor;
				CODE_SIGN_STYLE = Automatic;
				CURRENT_PROJECT_VERSION = 1;
				DEVELOPMENT_TEAM = AM9D6522QR;
				GENERATE_INFOPLIST_FILE = YES;
				INFOPLIST_FILE = Tamagotchi_Assignment/Info.plist;
				INFOPLIST_KEY_UIApplicationSupportsIndirectInputEvents = YES;
				INFOPLIST_KEY_UILaunchStoryboardName = LaunchScreen;
				INFOPLIST_KEY_UIMainStoryboardFile = Main;
				INFOPLIST_KEY_UISupportedInterfaceOrientations_iPad = "UIInterfaceOrientationPortrait UIInterfaceOrientationPortraitUpsideDown UIInterfaceOrientationLandscapeLeft UIInterfaceOrientationLandscapeRight";
				INFOPLIST_KEY_UISupportedInterfaceOrientations_iPhone = "UIInterfaceOrientationPortrait UIInterfaceOrientationLandscapeLeft UIInterfaceOrientationLandscapeRight";
				IPHONEOS_DEPLOYMENT_TARGET = 15.0;
				LD_RUNPATH_SEARCH_PATHS = (
					"$(inherited)",
					"@executable_path/Frameworks",
				);
				MARKETING_VERSION = 1.0;
				PRODUCT_BUNDLE_IDENTIFIER = "com.Sun.Tamagotchi-Assignment";
				PRODUCT_NAME = "$(TARGET_NAME)";
				SWIFT_EMIT_LOC_STRINGS = YES;
				SWIFT_VERSION = 5.0;
				TARGETED_DEVICE_FAMILY = "1,2";
			};
			name = Release;
		};
/* End XCBuildConfiguration section */

/* Begin XCConfigurationList section */
		D87337562A7CA0DA00BE6F6A /* Build configuration list for PBXProject "Tamagotchi_Assignment" */ = {
			isa = XCConfigurationList;
			buildConfigurations = (
				D873376D2A7CA0DA00BE6F6A /* Debug */,
				D873376E2A7CA0DA00BE6F6A /* Release */,
			);
			defaultConfigurationIsVisible = 0;
			defaultConfigurationName = Release;
		};
		D873376F2A7CA0DA00BE6F6A /* Build configuration list for PBXNativeTarget "Tamagotchi_Assignment" */ = {
			isa = XCConfigurationList;
			buildConfigurations = (
				D87337702A7CA0DA00BE6F6A /* Debug */,
				D87337712A7CA0DA00BE6F6A /* Release */,
			);
			defaultConfigurationIsVisible = 0;
			defaultConfigurationName = Release;
		};
/* End XCConfigurationList section */
	};
	rootObject = D87337532A7CA0DA00BE6F6A /* Project object */;
}
